# This file was autogenerated by uv via the following command:
#    uv pip compile pyproject.toml --python-version 3.10 --extra dev -o requirements-dev.lock
aiohappyeyeballs==2.7.1
    # via aiohttp
aiohttp==3.14.3
    # via pg-erd-cloud-backend (pyproject.toml)
aiosignal==1.4.0
    # via aiohttp
alembic==1.18.5
    # via pg-erd-cloud-backend (pyproject.toml)
annotated-doc==0.0.4
    # via fastapi
annotated-types==0.7.0
    # via pydantic
anyio==4.12.1
    # via
    #   httpx
    #   starlette
ast-serialize==0.6.0
    # via mypy
async-timeout==5.0.1
    # via
    #   aiohttp
    #   asyncpg
    #   redis
asyncpg==0.31.0
    # via
    #   pg-erd-cloud-backend (pyproject.toml)
    #   asyncpg-stubs
asyncpg-stubs==0.31.3
    # via pg-erd-cloud-backend (pyproject.toml)
attrs==26.1.0
    # via aiohttp
backports-asyncio-runner==1.2.0
    # via pytest-asyncio
certifi==2026.1.4
    # via
    #   httpcore
    #   httpx
    #   requests
cffi==2.0.0
    # via cryptography
charset-normalizer==3.4.9
    # via requests
coverage==7.15.2
    # via pytest-cov
cryptography==49.0.0
    # via
    #   pg-erd-cloud-backend (pyproject.toml)
    #   pyjwt
exceptiongroup==1.3.1
    # via
    #   anyio
    #   hypercorn
    #   pytest
    #   taskgroup
fastapi==0.137.1
    # via pg-erd-cloud-backend (pyproject.toml)
frozenlist==1.8.0
    # via
    #   aiohttp
    #   aiosignal
greenlet==3.3.1
    # via sqlalchemy
h11==0.16.0
    # via
    #   httpcore
    #   hypercorn
    #   wsproto
h2==4.3.0
    # via hypercorn
hpack==4.1.0
    # via h2
httpcore==1.0.9
    # via httpx
httpx==0.28.1
    # via pg-erd-cloud-backend (pyproject.toml)
hypercorn==0.18.0
    # via pg-erd-cloud-backend (pyproject.toml)
hyperframe==6.1.0
    # via h2
idna==3.18
    # via
    #   anyio
    #   httpx
    #   requests
    #   yarl
iniconfig==2.3.0
    # via pytest
librt==0.13.0
    # via mypy
mako==1.3.12
    # via alembic
markupsafe==3.0.3
    # via mako
multidict==6.7.1
    # via
    #   aiohttp
    #   yarl
mypy==2.3.0
    # via pg-erd-cloud-backend (pyproject.toml)
mypy-extensions==1.1.0
    # via mypy
packaging==26.0
    # via pytest
pathspec==1.0.4
    # via mypy
pluggy==1.6.0
    # via
    #   pytest
    #   pytest-cov
priority==2.0.0
    # via hypercorn
prometheus-client==0.25.0
    # via pg-erd-cloud-backend (pyproject.toml)
propcache==0.5.2
    # via
    #   aiohttp
    #   yarl
psycopg==3.3.4
    # via pg-erd-cloud-backend (pyproject.toml)
psycopg-binary==3.3.4
    # via psycopg
pycparser==3.0
    # via cffi
pydantic==2.13.4
    # via
    #   pg-erd-cloud-backend (pyproject.toml)
    #   fastapi
    #   pydantic-settings
pydantic-core==2.46.4
    # via pydantic
pydantic-settings==2.14.2
    # via pg-erd-cloud-backend (pyproject.toml)
pygments==2.20.0
    # via pytest
pyjwt==2.13.0
    # via pg-erd-cloud-backend (pyproject.toml)
pytest==9.1.0
    # via
    #   pg-erd-cloud-backend (pyproject.toml)
    #   pytest-asyncio
    #   pytest-cov
pytest-asyncio==1.4.0
    # via pg-erd-cloud-backend (pyproject.toml)
pytest-cov==7.1.0
    # via pg-erd-cloud-backend (pyproject.toml)
python-dotenv==1.2.2
    # via pydantic-settings
python-multipart==0.0.32
    # via pg-erd-cloud-backend (pyproject.toml)
redis==8.0.0
    # via pg-erd-cloud-backend (pyproject.toml)
requests==2.34.2
    # via pg-erd-cloud-backend (pyproject.toml)
sqlalchemy==2.0.51
    # via
    #   pg-erd-cloud-backend (pyproject.toml)
    #   alembic
starlette==1.3.1
    # via
    #   pg-erd-cloud-backend (pyproject.toml)
    #   fastapi
taskgroup==0.2.2
    # via hypercorn
tomli==2.4.1
    # via
    #   alembic
    #   coverage
    #   hypercorn
    #   mypy
    #   pytest
types-requests==2.32.4.20260107
    # via pg-erd-cloud-backend (pyproject.toml)
typing-extensions==4.15.0
    # via
    #   aiohttp
    #   aiosignal
    #   alembic
    #   anyio
    #   asyncpg-stubs
    #   cryptography
    #   exceptiongroup
    #   fastapi
    #   hypercorn
    #   multidict
    #   mypy
    #   psycopg
    #   pydantic
    #   pydantic-core
    #   pyjwt
    #   pytest-asyncio
    #   sqlalchemy
    #   starlette
    #   taskgroup
    #   typing-inspection
typing-inspection==0.4.2
    # via
    #   fastapi
    #   pydantic
    #   pydantic-settings
urllib3==2.7.0
    # via
    #   pg-erd-cloud-backend (pyproject.toml)
    #   requests
    #   types-requests
wsproto==1.3.2
    # via hypercorn
yarl==1.24.5
    # via aiohttp
